
Microsoft Visual Studio Solution File, Format Version 12.00
# Visual Studio Version 17
VisualStudioVersion = 17.10.35013.160
MinimumVisualStudioVersion = 10.0.40219.1
Project("{FAE04EC0-301F-11D3-BF4B-00C04F79EFBC}") = "Filehandling_Poc3", "Filehandling_Poc3.csproj", "{6AC0880C-E1A3-4EFA-8788-AD512AED91EA}"
EndProject
Global
	GlobalSection(SolutionConfigurationPlatforms) = preSolution
		Debug|Any CPU = Debug|Any CPU
		Release|Any CPU = Release|Any CPU
	EndGlobalSection
	GlobalSection(ProjectConfigurationPlatforms) = postSolution
		{6AC0880C-E1A3-4EFA-8788-AD512AED91EA}.Debug|Any CPU.ActiveCfg = Debug|Any CPU
		{6AC0880C-E1A3-4EFA-8788-AD512AED91EA}.Debug|Any CPU.Build.0 = Debug|Any CPU
		{6AC0880C-E1A3-4EFA-8788-AD512AED91EA}.Release|Any CPU.ActiveCfg = Release|Any CPU
		{6AC0880C-E1A3-4EFA-8788-AD512AED91EA}.Release|Any CPU.Build.0 = Release|Any CPU
	EndGlobalSection
	GlobalSection(SolutionProperties) = preSolution
		HideSolutionNode = FALSE
	EndGlobalSection
	GlobalSection(ExtensibilityGlobals) = postSolution
		SolutionGuid = {002E7807-7CF0-42C6-A84E-6800FBD6D512}
	EndGlobalSection
EndGlobal
